{
    "name": "fontawesome-subset",
    "version": "4.0.0",
    "lockfileVersion": 2,
    "requires": true,
    "packages": {
        "": {
            "name": "fontawesome-subset",
            "version": "4.0.0",
            "license": "GPL-3.0-or-later",
            "dependencies": {
                "lodash": ">=4.17.21",
                "mkdirp": "^1.0.4",
                "subset-font": "^1.4.0",
                "yaml": "^2.1.1"
            },
            "devDependencies": {
                "@types/mkdirp": "^1.0.2",
                "@types/node": "^16.9.1",
                "prettier": "^2.7.1",
                "typescript": "^4.7.4"
            },
            "peerDependencies": {
                "@fortawesome/fontawesome-free": "^6.1.1",
                "@fortawesome/fontawesome-pro": "^6.0.0"
            },
            "peerDependenciesMeta": {
                "@fortawesome/fontawesome-free": {
                    "optional": true
                },
                "@fortawesome/fontawesome-pro": {
                    "optional": true
                }
            }
        },
        "node_modules/@types/mkdirp": {
            "version": "1.0.2",
            "resolved": "https://registry.npmjs.org/@types/mkdirp/-/mkdirp-1.0.2.tgz",
            "integrity": "sha512-o0K1tSO0Dx5X6xlU5F1D6625FawhC3dU3iqr25lluNv/+/QIVH8RLNEiVokgIZo+mz+87w/3Mkg/VvQS+J51fQ==",
            "dev": true,
            "dependencies": {
                "@types/node": "*"
            }
        },
        "node_modules/@types/node": {
            "version": "16.11.41",
            "resolved": "https://registry.npmjs.org/@types/node/-/node-16.11.41.tgz",
            "integrity": "sha512-mqoYK2TnVjdkGk8qXAVGc/x9nSaTpSrFaGFm43BUH3IdoBV0nta6hYaGmdOvIMlbHJbUEVen3gvwpwovAZKNdQ==",
            "dev": true
        },
        "node_modules/argparse": {
            "version": "2.0.1",
            "resolved": "https://registry.npmjs.org/argparse/-/argparse-2.0.1.tgz",
            "integrity": "sha512-8+9WqebbFzpX9OR+Wa6O29asIogeRMzcGtAINdpMHHyAg10f05aSFVBbcEqGf/PXw1EjAZ+q2/bEBg3DvurK3Q=="
        },
        "node_modules/fontverter": {
            "version": "2.0.0",
            "resolved": "https://registry.npmjs.org/fontverter/-/fontverter-2.0.0.tgz",
            "integrity": "sha512-DFVX5hvXuhi1Jven1tbpebYTCT9XYnvx6/Z+HFUPb7ZRMCW+pj2clU9VMhoTPgWKPhAs7JJDSk3CW1jNUvKCZQ==",
            "dependencies": {
                "wawoff2": "^2.0.0",
                "woff2sfnt-sfnt2woff": "^1.0.0"
            }
        },
        "node_modules/harfbuzzjs": {
            "version": "0.2.1",
            "resolved": "https://registry.npmjs.org/harfbuzzjs/-/harfbuzzjs-0.2.1.tgz",
            "integrity": "sha512-4Tu2CiuhgZtku8cz7q2FJFASY7ITKFCjH9jZa1z8wGSXttI7cAvWBOoHbRIva8NMAKxXW5BcOB032zyL3eO4nQ=="
        },
        "node_modules/lodash": {
            "version": "4.17.21",
            "resolved": "https://registry.npmjs.org/lodash/-/lodash-4.17.21.tgz",
            "integrity": "sha512-v2kDEe57lecTulaDIuNTPy3Ry4gLGJ6Z1O3vE1krgXZNrsQ+LFTGHVxVjcXPs17LhbZVGedAJv8XZ1tvj5FvSg=="
        },
        "node_modules/mkdirp": {
            "version": "1.0.4",
            "resolved": "https://registry.npmjs.org/mkdirp/-/mkdirp-1.0.4.tgz",
            "integrity": "sha512-vVqVZQyf3WLx2Shd0qJ9xuvqgAyKPLAiqITEtqW0oIUjzo3PePDd6fW9iFz30ef7Ysp/oiWqbhszeGWW2T6Gzw==",
            "bin": {
                "mkdirp": "bin/cmd.js"
            },
            "engines": {
                "node": ">=10"
            }
        },
        "node_modules/p-limit": {
            "version": "3.1.0",
            "resolved": "https://registry.npmjs.org/p-limit/-/p-limit-3.1.0.tgz",
            "integrity": "sha512-TYOanM3wGwNGsZN2cVTYPArw454xnXj5qmWF1bEoAc4+cU/ol7GVh7odevjp1FNHduHc3KZMcFduxU5Xc6uJRQ==",
            "dependencies": {
                "yocto-queue": "^0.1.0"
            },
            "engines": {
                "node": ">=10"
            },
            "funding": {
                "url": "https://github.com/sponsors/sindresorhus"
            }
        },
        "node_modules/pako": {
            "version": "1.0.11",
            "resolved": "https://registry.npmjs.org/pako/-/pako-1.0.11.tgz",
            "integrity": "sha512-4hLB8Py4zZce5s4yd9XzopqwVv/yGNhV1Bl8NTmCq1763HeK2+EwVTv+leGeL13Dnh2wfbqowVPXCIO0z4taYw=="
        },
        "node_modules/prettier": {
            "version": "2.7.1",
            "resolved": "https://registry.npmjs.org/prettier/-/prettier-2.7.1.tgz",
            "integrity": "sha512-ujppO+MkdPqoVINuDFDRLClm7D78qbDt0/NR+wp5FqEZOoTNAjPHWj17QRhu7geIHJfcNhRk1XVQmF8Bp3ye+g==",
            "dev": true,
            "bin": {
                "prettier": "bin-prettier.js"
            },
            "engines": {
                "node": ">=10.13.0"
            },
            "funding": {
                "url": "https://github.com/prettier/prettier?sponsor=1"
            }
        },
        "node_modules/subset-font": {
            "version": "1.4.0",
            "resolved": "https://registry.npmjs.org/subset-font/-/subset-font-1.4.0.tgz",
            "integrity": "sha512-JdL+xscAZYYX5na+1iJCaitsf20Ek1PXpHZEP35az//OemoufKgrgh410L+Xf4naBxzLtwFeH9RWkiwimlo73A==",
            "dependencies": {
                "fontverter": "^2.0.0",
                "harfbuzzjs": "^0.2.1",
                "lodash": "^4.17.21",
                "p-limit": "^3.1.0"
            }
        },
        "node_modules/typescript": {
            "version": "4.7.4",
            "resolved": "https://registry.npmjs.org/typescript/-/typescript-4.7.4.tgz",
            "integrity": "sha512-C0WQT0gezHuw6AdY1M2jxUO83Rjf0HP7Sk1DtXj6j1EwkQNZrHAg2XPWlq62oqEhYvONq5pkC2Y9oPljWToLmQ==",
            "dev": true,
            "bin": {
                "tsc": "bin/tsc",
                "tsserver": "bin/tsserver"
            },
            "engines": {
                "node": ">=4.2.0"
            }
        },
        "node_modules/wawoff2": {
            "version": "2.0.1",
            "resolved": "https://registry.npmjs.org/wawoff2/-/wawoff2-2.0.1.tgz",
            "integrity": "sha512-r0CEmvpH63r4T15ebFqeOjGqU4+EgTx4I510NtK35EMciSdcTxCw3Byy3JnBonz7iyIFZ0AbVo0bbFpEVuhCYA==",
            "dependencies": {
                "argparse": "^2.0.1"
            },
            "bin": {
                "woff2_compress.js": "bin/woff2_compress.js",
                "woff2_decompress.js": "bin/woff2_decompress.js"
            }
        },
        "node_modules/woff2sfnt-sfnt2woff": {
            "version": "1.0.0",
            "resolved": "https://registry.npmjs.org/woff2sfnt-sfnt2woff/-/woff2sfnt-sfnt2woff-1.0.0.tgz",
            "integrity": "sha512-edK4COc1c1EpRfMqCZO1xJOvdUtM5dbVb9iz97rScvnTevqEB3GllnLWCmMVp1MfQBdF1DFg/11I0rSyAdS4qQ==",
            "dependencies": {
                "pako": "^1.0.7"
            }
        },
        "node_modules/yaml": {
            "version": "2.1.1",
            "resolved": "https://registry.npmjs.org/yaml/-/yaml-2.1.1.tgz",
            "integrity": "sha512-o96x3OPo8GjWeSLF+wOAbrPfhFOGY0W00GNaxCDv+9hkcDJEnev1yh8S7pgHF0ik6zc8sQLuL8hjHjJULZp8bw==",
            "engines": {
                "node": ">= 14"
            }
        },
        "node_modules/yocto-queue": {
            "version": "0.1.0",
            "resolved": "https://registry.npmjs.org/yocto-queue/-/yocto-queue-0.1.0.tgz",
            "integrity": "sha512-rVksvsnNCdJ/ohGc6xgPwyN8eheCxsiLM8mxuE/t/mOVqJewPuO1miLpTHQiRgTKCLexL4MeAFVagts7HmNZ2Q==",
            "engines": {
                "node": ">=10"
            },
            "funding": {
                "url": "https://github.com/sponsors/sindresorhus"
            }
        }
    },
    "dependencies": {
        "@types/mkdirp": {
            "version": "1.0.2",
            "resolved": "https://registry.npmjs.org/@types/mkdirp/-/mkdirp-1.0.2.tgz",
            "integrity": "sha512-o0K1tSO0Dx5X6xlU5F1D6625FawhC3dU3iqr25lluNv/+/QIVH8RLNEiVokgIZo+mz+87w/3Mkg/VvQS+J51fQ==",
            "dev": true,
            "requires": {
                "@types/node": "*"
            }
        },
        "@types/node": {
            "version": "16.11.41",
            "resolved": "https://registry.npmjs.org/@types/node/-/node-16.11.41.tgz",
            "integrity": "sha512-mqoYK2TnVjdkGk8qXAVGc/x9nSaTpSrFaGFm43BUH3IdoBV0nta6hYaGmdOvIMlbHJbUEVen3gvwpwovAZKNdQ==",
            "dev": true
        },
        "argparse": {
            "version": "2.0.1",
            "resolved": "https://registry.npmjs.org/argparse/-/argparse-2.0.1.tgz",
            "integrity": "sha512-8+9WqebbFzpX9OR+Wa6O29asIogeRMzcGtAINdpMHHyAg10f05aSFVBbcEqGf/PXw1EjAZ+q2/bEBg3DvurK3Q=="
        },
        "fontverter": {
            "version": "2.0.0",
            "resolved": "https://registry.npmjs.org/fontverter/-/fontverter-2.0.0.tgz",
            "integrity": "sha512-DFVX5hvXuhi1Jven1tbpebYTCT9XYnvx6/Z+HFUPb7ZRMCW+pj2clU9VMhoTPgWKPhAs7JJDSk3CW1jNUvKCZQ==",
            "requires": {
                "wawoff2": "^2.0.0",
                "woff2sfnt-sfnt2woff": "^1.0.0"
            }
        },
        "harfbuzzjs": {
            "version": "0.2.1",
            "resolved": "https://registry.npmjs.org/harfbuzzjs/-/harfbuzzjs-0.2.1.tgz",
            "integrity": "sha512-4Tu2CiuhgZtku8cz7q2FJFASY7ITKFCjH9jZa1z8wGSXttI7cAvWBOoHbRIva8NMAKxXW5BcOB032zyL3eO4nQ=="
        },
        "lodash": {
            "version": "4.17.21",
            "resolved": "https://registry.npmjs.org/lodash/-/lodash-4.17.21.tgz",
            "integrity": "sha512-v2kDEe57lecTulaDIuNTPy3Ry4gLGJ6Z1O3vE1krgXZNrsQ+LFTGHVxVjcXPs17LhbZVGedAJv8XZ1tvj5FvSg=="
        },
        "mkdirp": {
            "version": "1.0.4",
            "resolved": "https://registry.npmjs.org/mkdirp/-/mkdirp-1.0.4.tgz",
            "integrity": "sha512-vVqVZQyf3WLx2Shd0qJ9xuvqgAyKPLAiqITEtqW0oIUjzo3PePDd6fW9iFz30ef7Ysp/oiWqbhszeGWW2T6Gzw=="
        },
        "p-limit": {
            "version": "3.1.0",
            "resolved": "https://registry.npmjs.org/p-limit/-/p-limit-3.1.0.tgz",
            "integrity": "sha512-TYOanM3wGwNGsZN2cVTYPArw454xnXj5qmWF1bEoAc4+cU/ol7GVh7odevjp1FNHduHc3KZMcFduxU5Xc6uJRQ==",
            "requires": {
                "yocto-queue": "^0.1.0"
            }
        },
        "pako": {
            "version": "1.0.11",
            "resolved": "https://registry.npmjs.org/pako/-/pako-1.0.11.tgz",
            "integrity": "sha512-4hLB8Py4zZce5s4yd9XzopqwVv/yGNhV1Bl8NTmCq1763HeK2+EwVTv+leGeL13Dnh2wfbqowVPXCIO0z4taYw=="
        },
        "prettier": {
            "version": "2.7.1",
            "resolved": "https://registry.npmjs.org/prettier/-/prettier-2.7.1.tgz",
            "integrity": "sha512-ujppO+MkdPqoVINuDFDRLClm7D78qbDt0/NR+wp5FqEZOoTNAjPHWj17QRhu7geIHJfcNhRk1XVQmF8Bp3ye+g==",
            "dev": true
        },
        "subset-font": {
            "version": "1.4.0",
            "resolved": "https://registry.npmjs.org/subset-font/-/subset-font-1.4.0.tgz",
            "integrity": "sha512-JdL+xscAZYYX5na+1iJCaitsf20Ek1PXpHZEP35az//OemoufKgrgh410L+Xf4naBxzLtwFeH9RWkiwimlo73A==",
            "requires": {
                "fontverter": "^2.0.0",
                "harfbuzzjs": "^0.2.1",
                "lodash": "^4.17.21",
                "p-limit": "^3.1.0"
            }
        },
        "typescript": {
            "version": "4.7.4",
            "resolved": "https://registry.npmjs.org/typescript/-/typescript-4.7.4.tgz",
            "integrity": "sha512-C0WQT0gezHuw6AdY1M2jxUO83Rjf0HP7Sk1DtXj6j1EwkQNZrHAg2XPWlq62oqEhYvONq5pkC2Y9oPljWToLmQ==",
            "dev": true
        },
        "wawoff2": {
            "version": "2.0.1",
            "resolved": "https://registry.npmjs.org/wawoff2/-/wawoff2-2.0.1.tgz",
            "integrity": "sha512-r0CEmvpH63r4T15ebFqeOjGqU4+EgTx4I510NtK35EMciSdcTxCw3Byy3JnBonz7iyIFZ0AbVo0bbFpEVuhCYA==",
            "requires": {
                "argparse": "^2.0.1"
            }
        },
        "woff2sfnt-sfnt2woff": {
            "version": "1.0.0",
            "resolved": "https://registry.npmjs.org/woff2sfnt-sfnt2woff/-/woff2sfnt-sfnt2woff-1.0.0.tgz",
            "integrity": "sha512-edK4COc1c1EpRfMqCZO1xJOvdUtM5dbVb9iz97rScvnTevqEB3GllnLWCmMVp1MfQBdF1DFg/11I0rSyAdS4qQ==",
            "requires": {
                "pako": "^1.0.7"
            }
        },
        "yaml": {
            "version": "2.1.1",
            "resolved": "https://registry.npmjs.org/yaml/-/yaml-2.1.1.tgz",
            "integrity": "sha512-o96x3OPo8GjWeSLF+wOAbrPfhFOGY0W00GNaxCDv+9hkcDJEnev1yh8S7pgHF0ik6zc8sQLuL8hjHjJULZp8bw=="
        },
        "yocto-queue": {
            "version": "0.1.0",
            "resolved": "https://registry.npmjs.org/yocto-queue/-/yocto-queue-0.1.0.tgz",
            "integrity": "sha512-rVksvsnNCdJ/ohGc6xgPwyN8eheCxsiLM8mxuE/t/mOVqJewPuO1miLpTHQiRgTKCLexL4MeAFVagts7HmNZ2Q=="
        }
    }
}
